
Microsoft Visual Studio Solution File, Format Version 12.00
# Visual Studio 15
VisualStudioVersion = 15.0.28307.757
MinimumVisualStudioVersion = 10.0.40219.1
Project("{9A19103F-16F7-4668-BE54-9A1E7A4F7556}") = "Core", "Core\Core.csproj", "{FF5D6749-B004-45BF-93F6-905650BC4BE9}"
EndProject
Global
	GlobalSection(SolutionConfigurationPlatforms) = preSolution
		Debug|Any CPU = Debug|Any CPU
		Release|Any CPU = Release|Any CPU
	EndGlobalSection
	GlobalSection(ProjectConfigurationPlatforms) = postSolution
		{FF5D6749-B004-45BF-93F6-905650BC4BE9}.Debug|Any CPU.ActiveCfg = Debug|Any CPU
		{FF5D6749-B004-45BF-93F6-905650BC4BE9}.Debug|Any CPU.Build.0 = Debug|Any CPU
		{FF5D6749-B004-45BF-93F6-905650BC4BE9}.Release|Any CPU.ActiveCfg = Release|Any CPU
		{FF5D6749-B004-45BF-93F6-905650BC4BE9}.Release|Any CPU.Build.0 = Release|Any CPU
	EndGlobalSection
	GlobalSection(SolutionProperties) = preSolution
		HideSolutionNode = FALSE
	EndGlobalSection
	GlobalSection(ExtensibilityGlobals) = postSolution
		SolutionGuid = {C25AD7D8-3B38-4B43-869D-796420CDBB24}
	EndGlobalSection
EndGlobal
